{
  "name": "sandbox-debugger",
  "version": "0.2.11",
  "lockfileVersion": 1,
  "requires": true,
  "dependencies": {
    "abbrev": {
      "version": "1.1.1",
      "resolved": "https://registry.npmjs.org/abbrev/-/abbrev-1.1.1.tgz",
      "integrity": "sha512-nne9/IiQ/hzIhY6pdDnbBtz7DjPTKrY00P/zvPSm5pOFkl6xuGrGnXn/VtTNNfNtAfZ9/1RtehkszU9qcTii0Q=="
    },
    "async-limiter": {
      "version": "1.0.1",
      "resolved": "https://registry.npmjs.org/async-limiter/-/async-limiter-1.0.1.tgz",
      "integrity": "sha512-csOlWGAcRFJaI6m+F2WKdnMKr4HhdhFVBk0H/QbJFMCr+uO2kwohwXQPxw/9OCxp05r5ghVBFSyioixx3gfkNQ=="
    },
    "crypto-random-string": {
      "version": "1.0.0",
      "resolved": "https://registry.npmjs.org/crypto-random-string/-/crypto-random-string-1.0.0.tgz",
      "integrity": "sha1-ojD2T1aDEOFJgAmUB5DsmVRbyn4="
    },
    "delay": {
      "version": "4.3.0",
      "resolved": "https://registry.npmjs.org/delay/-/delay-4.3.0.tgz",
      "integrity": "sha512-Lwaf3zVFDMBop1yDuFZ19F9WyGcZcGacsbdlZtWjQmM50tOcMntm1njF/Nb/Vjij3KaSvCF+sEYGKrrjObu2NA=="
    },
    "node-fetch": {
      "version": "2.6.0",
      "resolved": "https://registry.npmjs.org/node-fetch/-/node-fetch-2.6.0.tgz",
      "integrity": "sha512-8dG4H5ujfvFiqDmVu9fQ5bOHUC15JMjMY/Zumv26oOvvVJjM67KF8koCWIabKQ1GJIa9r2mMZscBq/TbdOcmNA=="
    },
    "nopt": {
      "version": "1.0.10",
      "resolved": "https://registry.npmjs.org/nopt/-/nopt-1.0.10.tgz",
      "integrity": "sha1-bd0hvSoxQXuScn3Vhfim83YI6+4=",
      "requires": {
        "abbrev": "1"
      }
    },
    "temp-dir": {
      "version": "1.0.0",
      "resolved": "https://registry.npmjs.org/temp-dir/-/temp-dir-1.0.0.tgz",
      "integrity": "sha1-CnwOom06Oa+n4OvqnB/AvE2qAR0="
    },
    "tempy": {
      "version": "0.3.0",
      "resolved": "https://registry.npmjs.org/tempy/-/tempy-0.3.0.tgz",
      "integrity": "sha512-WrH/pui8YCwmeiAoxV+lpRH9HpRtgBhSR2ViBPgpGb/wnYDzp21R4MN45fsCGvLROvY67o3byhJRYRONJyImVQ==",
      "requires": {
        "temp-dir": "^1.0.0",
        "type-fest": "^0.3.1",
        "unique-string": "^1.0.0"
      }
    },
    "touch": {
      "version": "3.1.0",
      "resolved": "https://registry.npmjs.org/touch/-/touch-3.1.0.tgz",
      "integrity": "sha512-WBx8Uy5TLtOSRtIq+M03/sKDrXCLHxwDcquSP2c43Le03/9serjQBIztjRz6FkJez9D/hleyAXTBGLwwZUw9lA==",
      "requires": {
        "nopt": "~1.0.10"
      }
    },
    "type-fest": {
      "version": "0.3.1",
      "resolved": "https://registry.npmjs.org/type-fest/-/type-fest-0.3.1.tgz",
      "integrity": "sha512-cUGJnCdr4STbePCgqNFbpVNCepa+kAVohJs1sLhxzdH+gnEoOd8VhbYa7pD3zZYGiURWM2xzEII3fQcRizDkYQ=="
    },
    "unique-string": {
      "version": "1.0.0",
      "resolved": "https://registry.npmjs.org/unique-string/-/unique-string-1.0.0.tgz",
      "integrity": "sha1-nhBXzKhRq7kzmPizOuGHuZyuwRo=",
      "requires": {
        "crypto-random-string": "^1.0.0"
      }
    },
    "ws": {
      "version": "7.2.0",
      "resolved": "https://registry.npmjs.org/ws/-/ws-7.2.0.tgz",
      "integrity": "sha512-+SqNqFbwTm/0DC18KYzIsMTnEWpLwJsiasW/O17la4iDRRIO9uaHbvKiAS3AHgTiuuWerK/brj4O6MYZkei9xg==",
      "requires": {
        "async-limiter": "^1.0.0"
      }
    }
  }
}
